
Microsoft Visual Studio Solution File, Format Version 12.00
# Visual Studio 15
VisualStudioVersion = 15.0.27428.1
MinimumVisualStudioVersion = 10.0.40219.1
Project("{FAE04EC0-301F-11D3-BF4B-00C04F79EFBC}") = "ColorPicker.PCL", "ColorPicker\ColorPicker.PCL.csproj", "{BEE583D9-4271-412D-9B13-3D584F0D4CC4}"
EndProject
Project("{9A19103F-16F7-4668-BE54-9A1E7A4F7556}") = "ColorPicker.NS", "ColorPicker\ColorPicker.NS.csproj", "{A0B72722-3B20-4970-BFE6-0E8B02DF0DF7}"
EndProject
Project("{2150E333-8FDC-42A3-9474-1A3956D46DE8}") = "Solution Items", "Solution Items", "{83C0336B-7424-4382-A24F-91C094794E40}"
	ProjectSection(SolutionItems) = preProject
		.nuget\ColorPicker.nuspec = .nuget\ColorPicker.nuspec
	EndProjectSection
EndProject
Global
	GlobalSection(SolutionConfigurationPlatforms) = preSolution
		Debug|Any CPU = Debug|Any CPU
		Release|Any CPU = Release|Any CPU
	EndGlobalSection
	GlobalSection(ProjectConfigurationPlatforms) = postSolution
		{BEE583D9-4271-412D-9B13-3D584F0D4CC4}.Debug|Any CPU.ActiveCfg = Debug|Any CPU
		{BEE583D9-4271-412D-9B13-3D584F0D4CC4}.Debug|Any CPU.Build.0 = Debug|Any CPU
		{BEE583D9-4271-412D-9B13-3D584F0D4CC4}.Release|Any CPU.ActiveCfg = Release|Any CPU
		{BEE583D9-4271-412D-9B13-3D584F0D4CC4}.Release|Any CPU.Build.0 = Release|Any CPU
		{A0B72722-3B20-4970-BFE6-0E8B02DF0DF7}.Debug|Any CPU.ActiveCfg = Debug|Any CPU
		{A0B72722-3B20-4970-BFE6-0E8B02DF0DF7}.Debug|Any CPU.Build.0 = Debug|Any CPU
		{A0B72722-3B20-4970-BFE6-0E8B02DF0DF7}.Release|Any CPU.ActiveCfg = Release|Any CPU
		{A0B72722-3B20-4970-BFE6-0E8B02DF0DF7}.Release|Any CPU.Build.0 = Release|Any CPU
	EndGlobalSection
	GlobalSection(SolutionProperties) = preSolution
		HideSolutionNode = FALSE
	EndGlobalSection
	GlobalSection(ExtensibilityGlobals) = postSolution
		SolutionGuid = {4C7079F2-033F-45FC-8881-A33BE83246BA}
	EndGlobalSection
EndGlobal
