
Microsoft Visual Studio Solution File, Format Version 12.00
# Visual Studio 15
VisualStudioVersion = 15.0.27428.1
MinimumVisualStudioVersion = 10.0.40219.1
Project("{9A19103F-16F7-4668-BE54-9A1E7A4F7556}") = "Xam.Plugin.SimpleColorPicker", "src\Xam.Plugin.SimpleColorPicker.csproj", "{FC067C5C-8664-4817-931C-E595710A513F}"
EndProject
Global
	GlobalSection(SolutionConfigurationPlatforms) = preSolution
		Debug|Any CPU = Debug|Any CPU
		Release|Any CPU = Release|Any CPU
	EndGlobalSection
	GlobalSection(ProjectConfigurationPlatforms) = postSolution
		{FC067C5C-8664-4817-931C-E595710A513F}.Debug|Any CPU.ActiveCfg = Debug|Any CPU
		{FC067C5C-8664-4817-931C-E595710A513F}.Debug|Any CPU.Build.0 = Debug|Any CPU
		{FC067C5C-8664-4817-931C-E595710A513F}.Release|Any CPU.ActiveCfg = Release|Any CPU
		{FC067C5C-8664-4817-931C-E595710A513F}.Release|Any CPU.Build.0 = Release|Any CPU
	EndGlobalSection
	GlobalSection(SolutionProperties) = preSolution
		HideSolutionNode = FALSE
	EndGlobalSection
	GlobalSection(ExtensibilityGlobals) = postSolution
		SolutionGuid = {D45162BA-C5BD-4AC7-A194-6C289E48177B}
	EndGlobalSection
EndGlobal
