
Microsoft Visual Studio Solution File, Format Version 12.00
# Visual Studio 15
VisualStudioVersion = 15.0.27428.1
MinimumVisualStudioVersion = 10.0.40219.1
Project("{9A19103F-16F7-4668-BE54-9A1E7A4F7556}") = "ColorPicker.NS", "src\ColorPicker.NS.csproj", "{A0B72722-3B20-4970-BFE6-0E8B02DF0DF7}"
EndProject
Global
	GlobalSection(SolutionConfigurationPlatforms) = preSolution
		Debug|Any CPU = Debug|Any CPU
		Release|Any CPU = Release|Any CPU
	EndGlobalSection
	GlobalSection(ProjectConfigurationPlatforms) = postSolution
		{A0B72722-3B20-4970-BFE6-0E8B02DF0DF7}.Debug|Any CPU.ActiveCfg = Debug|Any CPU
		{A0B72722-3B20-4970-BFE6-0E8B02DF0DF7}.Debug|Any CPU.Build.0 = Debug|Any CPU
		{A0B72722-3B20-4970-BFE6-0E8B02DF0DF7}.Release|Any CPU.ActiveCfg = Release|Any CPU
		{A0B72722-3B20-4970-BFE6-0E8B02DF0DF7}.Release|Any CPU.Build.0 = Release|Any CPU
	EndGlobalSection
	GlobalSection(SolutionProperties) = preSolution
		HideSolutionNode = FALSE
	EndGlobalSection
	GlobalSection(ExtensibilityGlobals) = postSolution
		SolutionGuid = {D45162BA-C5BD-4AC7-A194-6C289E48177B}
	EndGlobalSection
EndGlobal
